// !$*UTF8*$!
{
	archiveVersion = 1;
	classes = {
	};
	objectVersion = 50;
	objects = {

/* Begin PBXBuildFile section */
		EB30F41521DD3BD100EBD666 /* Localizable.strings in Resources */ = {isa = PBXBuildFile; fileRef = EB30F41721DD3BD100EBD666 /* Localizable.strings */; };
		EB9B3BF521D3F95E00E29324 /* AppDelegate.swift in Sources */ = {isa = PBXBuildFile; fileRef = EB9B3BF421D3F95E00E29324 /* AppDelegate.swift */; };
		EB9B3BFA21D3F95E00E29324 /* Main.storyboard in Resources */ = {isa = PBXBuildFile; fileRef = EB9B3BF821D3F95E00E29324 /* Main.storyboard */; };
		EB9B3BFC21D3F95F00E29324 /* Assets.xcassets in Resources */ = {isa = PBXBuildFile; fileRef = EB9B3BFB21D3F95F00E29324 /* Assets.xcassets */; };
		EB9B3BFF21D3F95F00E29324 /* LaunchScreen.storyboard in Resources */ = {isa = PBXBuildFile; fileRef = EB9B3BFD21D3F95F00E29324 /* LaunchScreen.storyboard */; };
		EB9B3C0A21D3F96000E29324 /* WorldTrotterTests.swift in Sources */ = {isa = PBXBuildFile; fileRef = EB9B3C0921D3F96000E29324 /* WorldTrotterTests.swift */; };
		EB9B3C1521D3F96000E29324 /* WorldTrotterUITests.swift in Sources */ = {isa = PBXBuildFile; fileRef = EB9B3C1421D3F96000E29324 /* WorldTrotterUITests.swift */; };
		EB9B3C2321D40FDC00E29324 /* ConversionViewController.swift in Sources */ = {isa = PBXBuildFile; fileRef = EB9B3C2221D40FDC00E29324 /* ConversionViewController.swift */; };
		EB9B3C2621D7268100E29324 /* MapKit.framework in Frameworks */ = {isa = PBXBuildFile; fileRef = EB9B3C2521D7268100E29324 /* MapKit.framework */; };
		EB9B3C2821D94FF100E29324 /* MapViewController.swift in Sources */ = {isa = PBXBuildFile; fileRef = EB9B3C2721D94FF100E29324 /* MapViewController.swift */; };
/* End PBXBuildFile section */

/* Begin PBXContainerItemProxy section */
		EB9B3C0621D3F96000E29324 /* PBXContainerItemProxy */ = {
			isa = PBXContainerItemProxy;
			containerPortal = EB9B3BE921D3F95E00E29324 /* Project object */;
			proxyType = 1;
			remoteGlobalIDString = EB9B3BF021D3F95E00E29324;
			remoteInfo = WorldTrotter;
		};
		EB9B3C1121D3F96000E29324 /* PBXContainerItemProxy */ = {
			isa = PBXContainerItemProxy;
			containerPortal = EB9B3BE921D3F95E00E29324 /* Project object */;
			proxyType = 1;
			remoteGlobalIDString = EB9B3BF021D3F95E00E29324;
			remoteInfo = WorldTrotter;
		};
/* End PBXContainerItemProxy section */

/* Begin PBXFileReference section */
		EB30F41621DD3BD100EBD666 /* en */ = {isa = PBXFileReference; lastKnownFileType = text.plist.strings; name = en; path = en.lproj/Localizable.strings; sourceTree = "<group>"; };
		EB30F41821DD3BD700EBD666 /* es */ = {isa = PBXFileReference; lastKnownFileType = text.plist.strings; name = es; path = es.lproj/Localizable.strings; sourceTree = "<group>"; };
		EB9B3BF121D3F95E00E29324 /* WorldTrotter.app */ = {isa = PBXFileReference; explicitFileType = wrapper.application; includeInIndex = 0; path = WorldTrotter.app; sourceTree = BUILT_PRODUCTS_DIR; };
		EB9B3BF421D3F95E00E29324 /* AppDelegate.swift */ = {isa = PBXFileReference; lastKnownFileType = sourcecode.swift; path = AppDelegate.swift; sourceTree = "<group>"; };
		EB9B3BF921D3F95E00E29324 /* Base */ = {isa = PBXFileReference; lastKnownFileType = file.storyboard; name = Base; path = Base.lproj/Main.storyboard; sourceTree = "<group>"; };
		EB9B3BFB21D3F95F00E29324 /* Assets.xcassets */ = {isa = PBXFileReference; lastKnownFileType = folder.assetcatalog; path = Assets.xcassets; sourceTree = "<group>"; };
		EB9B3BFE21D3F95F00E29324 /* Base */ = {isa = PBXFileReference; lastKnownFileType = file.storyboard; name = Base; path = Base.lproj/LaunchScreen.storyboard; sourceTree = "<group>"; };
		EB9B3C0021D3F95F00E29324 /* Info.plist */ = {isa = PBXFileReference; lastKnownFileType = text.plist.xml; path = Info.plist; sourceTree = "<group>"; };
		EB9B3C0521D3F96000E29324 /* WorldTrotterTests.xctest */ = {isa = PBXFileReference; explicitFileType = wrapper.cfbundle; includeInIndex = 0; path = WorldTrotterTests.xctest; sourceTree = BUILT_PRODUCTS_DIR; };
		EB9B3C0921D3F96000E29324 /* WorldTrotterTests.swift */ = {isa = PBXFileReference; lastKnownFileType = sourcecode.swift; path = WorldTrotterTests.swift; sourceTree = "<group>"; };
		EB9B3C0B21D3F96000E29324 /* Info.plist */ = {isa = PBXFileReference; lastKnownFileType = text.plist.xml; path = Info.plist; sourceTree = "<group>"; };
		EB9B3C1021D3F96000E29324 /* WorldTrotterUITests.xctest */ = {isa = PBXFileReference; explicitFileType = wrapper.cfbundle; includeInIndex = 0; path = WorldTrotterUITests.xctest; sourceTree = BUILT_PRODUCTS_DIR; };
		EB9B3C1421D3F96000E29324 /* WorldTrotterUITests.swift */ = {isa = PBXFileReference; lastKnownFileType = sourcecode.swift; path = WorldTrotterUITests.swift; sourceTree = "<group>"; };
		EB9B3C1621D3F96000E29324 /* Info.plist */ = {isa = PBXFileReference; lastKnownFileType = text.plist.xml; path = Info.plist; sourceTree = "<group>"; };
		EB9B3C2221D40FDC00E29324 /* ConversionViewController.swift */ = {isa = PBXFileReference; lastKnownFileType = sourcecode.swift; path = ConversionViewController.swift; sourceTree = "<group>"; };
		EB9B3C2521D7268100E29324 /* MapKit.framework */ = {isa = PBXFileReference; lastKnownFileType = wrapper.framework; name = MapKit.framework; path = System/Library/Frameworks/MapKit.framework; sourceTree = SDKROOT; };
		EB9B3C2721D94FF100E29324 /* MapViewController.swift */ = {isa = PBXFileReference; lastKnownFileType = sourcecode.swift; path = MapViewController.swift; sourceTree = "<group>"; };
		EB9B3C2A21DD31FE00E29324 /* en */ = {isa = PBXFileReference; lastKnownFileType = text.plist.strings; name = en; path = en.lproj/Main.strings; sourceTree = "<group>"; };
		EB9B3C2B21DD336300E29324 /* es */ = {isa = PBXFileReference; lastKnownFileType = text.plist.strings; name = es; path = es.lproj/Main.strings; sourceTree = "<group>"; };
/* End PBXFileReference section */

/* Begin PBXFrameworksBuildPhase section */
		EB9B3BEE21D3F95E00E29324 /* Frameworks */ = {
			isa = PBXFrameworksBuildPhase;
			buildActionMask = 2147483647;
			files = (
				EB9B3C2621D7268100E29324 /* MapKit.framework in Frameworks */,
			);
			runOnlyForDeploymentPostprocessing = 0;
		};
		EB9B3C0221D3F96000E29324 /* Frameworks */ = {
			isa = PBXFrameworksBuildPhase;
			buildActionMask = 2147483647;
			files = (
			);
			runOnlyForDeploymentPostprocessing = 0;
		};
		EB9B3C0D21D3F96000E29324 /* Frameworks */ = {
			isa = PBXFrameworksBuildPhase;
			buildActionMask = 2147483647;
			files = (
			);
			runOnlyForDeploymentPostprocessing = 0;
		};
/* End PBXFrameworksBuildPhase section */

/* Begin PBXGroup section */
		EB9B3BE821D3F95E00E29324 = {
			isa = PBXGroup;
			children = (
				EB9B3BF321D3F95E00E29324 /* WorldTrotter */,
				EB9B3C0821D3F96000E29324 /* WorldTrotterTests */,
				EB9B3C1321D3F96000E29324 /* WorldTrotterUITests */,
				EB9B3BF221D3F95E00E29324 /* Products */,
				EB9B3C2421D7267D00E29324 /* Frameworks */,
			);
			sourceTree = "<group>";
		};
		EB9B3BF221D3F95E00E29324 /* Products */ = {
			isa = PBXGroup;
			children = (
				EB9B3BF121D3F95E00E29324 /* WorldTrotter.app */,
				EB9B3C0521D3F96000E29324 /* WorldTrotterTests.xctest */,
				EB9B3C1021D3F96000E29324 /* WorldTrotterUITests.xctest */,
			);
			name = Products;
			sourceTree = "<group>";
		};
		EB9B3BF321D3F95E00E29324 /* WorldTrotter */ = {
			isa = PBXGroup;
			children = (
				EB9B3BF421D3F95E00E29324 /* AppDelegate.swift */,
				EB9B3C2221D40FDC00E29324 /* ConversionViewController.swift */,
				EB9B3C2721D94FF100E29324 /* MapViewController.swift */,
				EB9B3BF821D3F95E00E29324 /* Main.storyboard */,
				EB30F41721DD3BD100EBD666 /* Localizable.strings */,
				EB9B3BFB21D3F95F00E29324 /* Assets.xcassets */,
				EB9B3BFD21D3F95F00E29324 /* LaunchScreen.storyboard */,
				EB9B3C0021D3F95F00E29324 /* Info.plist */,
			);
			path = WorldTrotter;
			sourceTree = "<group>";
		};
		EB9B3C0821D3F96000E29324 /* WorldTrotterTests */ = {
			isa = PBXGroup;
			children = (
				EB9B3C0921D3F96000E29324 /* WorldTrotterTests.swift */,
				EB9B3C0B21D3F96000E29324 /* Info.plist */,
			);
			path = WorldTrotterTests;
			sourceTree = "<group>";
		};
		EB9B3C1321D3F96000E29324 /* WorldTrotterUITests */ = {
			isa = PBXGroup;
			children = (
				EB9B3C1421D3F96000E29324 /* WorldTrotterUITests.swift */,
				EB9B3C1621D3F96000E29324 /* Info.plist */,
			);
			path = WorldTrotterUITests;
			sourceTree = "<group>";
		};
		EB9B3C2421D7267D00E29324 /* Frameworks */ = {
			isa = PBXGroup;
			children = (
				EB9B3C2521D7268100E29324 /* MapKit.framework */,
			);
			name = Frameworks;
			sourceTree = "<group>";
		};
/* End PBXGroup section */

/* Begin PBXNativeTarget section */
		EB9B3BF021D3F95E00E29324 /* WorldTrotter */ = {
			isa = PBXNativeTarget;
			buildConfigurationList = EB9B3C1921D3F96000E29324 /* Build configuration list for PBXNativeTarget "WorldTrotter" */;
			buildPhases = (
				EB9B3BED21D3F95E00E29324 /* Sources */,
				EB9B3BEE21D3F95E00E29324 /* Frameworks */,
				EB9B3BEF21D3F95E00E29324 /* Resources */,
			);
			buildRules = (
			);
			dependencies = (
			);
			name = WorldTrotter;
			productName = WorldTrotter;
			productReference = EB9B3BF121D3F95E00E29324 /* WorldTrotter.app */;
			productType = "com.apple.product-type.application";
		};
		EB9B3C0421D3F96000E29324 /* WorldTrotterTests */ = {
			isa = PBXNativeTarget;
			buildConfigurationList = EB9B3C1C21D3F96000E29324 /* Build configuration list for PBXNativeTarget "WorldTrotterTests" */;
			buildPhases = (
				EB9B3C0121D3F96000E29324 /* Sources */,
				EB9B3C0221D3F96000E29324 /* Frameworks */,
				EB9B3C0321D3F96000E29324 /* Resources */,
			);
			buildRules = (
			);
			dependencies = (
				EB9B3C0721D3F96000E29324 /* PBXTargetDependency */,
			);
			name = WorldTrotterTests;
			productName = WorldTrotterTests;
			productReference = EB9B3C0521D3F96000E29324 /* WorldTrotterTests.xctest */;
			productType = "com.apple.product-type.bundle.unit-test";
		};
		EB9B3C0F21D3F96000E29324 /* WorldTrotterUITests */ = {
			isa = PBXNativeTarget;
			buildConfigurationList = EB9B3C1F21D3F96000E29324 /* Build configuration list for PBXNativeTarget "WorldTrotterUITests" */;
			buildPhases = (
				EB9B3C0C21D3F96000E29324 /* Sources */,
				EB9B3C0D21D3F96000E29324 /* Frameworks */,
				EB9B3C0E21D3F96000E29324 /* Resources */,
			);
			buildRules = (
			);
			dependencies = (
				EB9B3C1221D3F96000E29324 /* PBXTargetDependency */,
			);
			name = WorldTrotterUITests;
			productName = WorldTrotterUITests;
			productReference = EB9B3C1021D3F96000E29324 /* WorldTrotterUITests.xctest */;
			productType = "com.apple.product-type.bundle.ui-testing";
		};
/* End PBXNativeTarget section */

/* Begin PBXProject section */
		EB9B3BE921D3F95E00E29324 /* Project object */ = {
			isa = PBXProject;
			attributes = {
				LastSwiftUpdateCheck = 1010;
				LastUpgradeCheck = 1010;
				ORGANIZATIONNAME = "Joe Ulepic";
				TargetAttributes = {
					EB9B3BF021D3F95E00E29324 = {
						CreatedOnToolsVersion = 10.1;
					};
					EB9B3C0421D3F96000E29324 = {
						CreatedOnToolsVersion = 10.1;
						TestTargetID = EB9B3BF021D3F95E00E29324;
					};
					EB9B3C0F21D3F96000E29324 = {
						CreatedOnToolsVersion = 10.1;
						TestTargetID = EB9B3BF021D3F95E00E29324;
					};
				};
			};
			buildConfigurationList = EB9B3BEC21D3F95E00E29324 /* Build configuration list for PBXProject "WorldTrotter" */;
			compatibilityVersion = "Xcode 9.3";
			developmentRegion = en;
			hasScannedForEncodings = 0;
			knownRegions = (
				en,
				Base,
				es,
			);
			mainGroup = EB9B3BE821D3F95E00E29324;
			productRefGroup = EB9B3BF221D3F95E00E29324 /* Products */;
			projectDirPath = "";
			projectRoot = "";
			targets = (
				EB9B3BF021D3F95E00E29324 /* WorldTrotter */,
				EB9B3C0421D3F96000E29324 /* WorldTrotterTests */,
				EB9B3C0F21D3F96000E29324 /* WorldTrotterUITests */,
			);
		};
/* End PBXProject section */

/* Begin PBXResourcesBuildPhase section */
		EB9B3BEF21D3F95E00E29324 /* Resources */ = {
			isa = PBXResourcesBuildPhase;
			buildActionMask = 2147483647;
			files = (
				EB9B3BFF21D3F95F00E29324 /* LaunchScreen.storyboard in Resources */,
				EB30F41521DD3BD100EBD666 /* Localizable.strings in Resources */,
				EB9B3BFC21D3F95F00E29324 /* Assets.xcassets in Resources */,
				EB9B3BFA21D3F95E00E29324 /* Main.storyboard in Resources */,
			);
			runOnlyForDeploymentPostprocessing = 0;
		};
		EB9B3C0321D3F96000E29324 /* Resources */ = {
			isa = PBXResourcesBuildPhase;
			buildActionMask = 2147483647;
			files = (
			);
			runOnlyForDeploymentPostprocessing = 0;
		};
		EB9B3C0E21D3F96000E29324 /* Resources */ = {
			isa = PBXResourcesBuildPhase;
			buildActionMask = 2147483647;
			files = (
			);
			runOnlyForDeploymentPostprocessing = 0;
		};
/* End PBXResourcesBuildPhase section */

/* Begin PBXSourcesBuildPhase section */
		EB9B3BED21D3F95E00E29324 /* Sources */ = {
			isa = PBXSourcesBuildPhase;
			buildActionMask = 2147483647;
			files = (
				EB9B3C2321D40FDC00E29324 /* ConversionViewController.swift in Sources */,
				EB9B3C2821D94FF100E29324 /* MapViewController.swift in Sources */,
				EB9B3BF521D3F95E00E29324 /* AppDelegate.swift in Sources */,
			);
			runOnlyForDeploymentPostprocessing = 0;
		};
		EB9B3C0121D3F96000E29324 /* Sources */ = {
			isa = PBXSourcesBuildPhase;
			buildActionMask = 2147483647;
			files = (
				EB9B3C0A21D3F96000E29324 /* WorldTrotterTests.swift in Sources */,
			);
			runOnlyForDeploymentPostprocessing = 0;
		};
		EB9B3C0C21D3F96000E29324 /* Sources */ = {
			isa = PBXSourcesBuildPhase;
			buildActionMask = 2147483647;
			files = (
				EB9B3C1521D3F96000E29324 /* WorldTrotterUITests.swift in Sources */,
			);
			runOnlyForDeploymentPostprocessing = 0;
		};
/* End PBXSourcesBuildPhase section */

/* Begin PBXTargetDependency section */
		EB9B3C0721D3F96000E29324 /* PBXTargetDependency */ = {
			isa = PBXTargetDependency;
			target = EB9B3BF021D3F95E00E29324 /* WorldTrotter */;
			targetProxy = EB9B3C0621D3F96000E29324 /* PBXContainerItemProxy */;
		};
		EB9B3C1221D3F96000E29324 /* PBXTargetDependency */ = {
			isa = PBXTargetDependency;
			target = EB9B3BF021D3F95E00E29324 /* WorldTrotter */;
			targetProxy = EB9B3C1121D3F96000E29324 /* PBXContainerItemProxy */;
		};
/* End PBXTargetDependency section */

/* Begin PBXVariantGroup section */
		EB30F41721DD3BD100EBD666 /* Localizable.strings */ = {
			isa = PBXVariantGroup;
			children = (
				EB30F41621DD3BD100EBD666 /* en */,
				EB30F41821DD3BD700EBD666 /* es */,
			);
			name = Localizable.strings;
			sourceTree = "<group>";
		};
		EB9B3BF821D3F95E00E29324 /* Main.storyboard */ = {
			isa = PBXVariantGroup;
			children = (
				EB9B3BF921D3F95E00E29324 /* Base */,
				EB9B3C2A21DD31FE00E29324 /* en */,
				EB9B3C2B21DD336300E29324 /* es */,
			);
			name = Main.storyboard;
			sourceTree = "<group>";
		};
		EB9B3BFD21D3F95F00E29324 /* LaunchScreen.storyboard */ = {
			isa = PBXVariantGroup;
			children = (
				EB9B3BFE21D3F95F00E29324 /* Base */,
			);
			name = LaunchScreen.storyboard;
			sourceTree = "<group>";
		};
/* End PBXVariantGroup section */

/* Begin XCBuildConfiguration section */
		EB9B3C1721D3F96000E29324 /* Debug */ = {
			isa = XCBuildConfiguration;
			buildSettings = {
				ALWAYS_SEARCH_USER_PATHS = NO;
				CLANG_ANALYZER_LOCALIZABILITY_NONLOCALIZED = YES;
				CLANG_ANALYZER_NONNULL = YES;
				CLANG_ANALYZER_NUMBER_OBJECT_CONVERSION = YES_AGGRESSIVE;
				CLANG_CXX_LANGUAGE_STANDARD = "gnu++14";
				CLANG_CXX_LIBRARY = "libc++";
				CLANG_ENABLE_MODULES = YES;
				CLANG_ENABLE_OBJC_ARC = YES;
				CLANG_ENABLE_OBJC_WEAK = YES;
				CLANG_WARN_BLOCK_CAPTURE_AUTORELEASING = YES;
				CLANG_WARN_BOOL_CONVERSION = YES;
				CLANG_WARN_COMMA = YES;
				CLANG_WARN_CONSTANT_CONVERSION = YES;
				CLANG_WARN_DEPRECATED_OBJC_IMPLEMENTATIONS = YES;
				CLANG_WARN_DIRECT_OBJC_ISA_USAGE = YES_ERROR;
				CLANG_WARN_DOCUMENTATION_COMMENTS = YES;
				CLANG_WARN_EMPTY_BODY = YES;
				CLANG_WARN_ENUM_CONVERSION = YES;
				CLANG_WARN_INFINITE_RECURSION = YES;
				CLANG_WARN_INT_CONVERSION = YES;
				CLANG_WARN_NON_LITERAL_NULL_CONVERSION = YES;
				CLANG_WARN_OBJC_IMPLICIT_RETAIN_SELF = YES;
				CLANG_WARN_OBJC_LITERAL_CONVERSION = YES;
				CLANG_WARN_OBJC_ROOT_CLASS = YES_ERROR;
				CLANG_WARN_RANGE_LOOP_ANALYSIS = YES;
				CLANG_WARN_STRICT_PROTOTYPES = YES;
				CLANG_WARN_SUSPICIOUS_MOVE = YES;
				CLANG_WARN_UNGUARDED_AVAILABILITY = YES_AGGRESSIVE;
				CLANG_WARN_UNREACHABLE_CODE = YES;
				CLANG_WARN__DUPLICATE_METHOD_MATCH = YES;
				CODE_SIGN_IDENTITY = "iPhone Developer";
				COPY_PHASE_STRIP = NO;
				DEBUG_INFORMATION_FORMAT = dwarf;
				ENABLE_STRICT_OBJC_MSGSEND = YES;
				ENABLE_TESTABILITY = YES;
				GCC_C_LANGUAGE_STANDARD = gnu11;
				GCC_DYNAMIC_NO_PIC = NO;
				GCC_NO_COMMON_BLOCKS = YES;
				GCC_OPTIMIZATION_LEVEL = 0;
				GCC_PREPROCESSOR_DEFINITIONS = (
					"DEBUG=1",
					"$(inherited)",
				);
				GCC_WARN_64_TO_32_BIT_CONVERSION = YES;
				GCC_WARN_ABOUT_RETURN_TYPE = YES_ERROR;
				GCC_WARN_UNDECLARED_SELECTOR = YES;
				GCC_WARN_UNINITIALIZED_AUTOS = YES_AGGRESSIVE;
				GCC_WARN_UNUSED_FUNCTION = YES;
				GCC_WARN_UNUSED_VARIABLE = YES;
				IPHONEOS_DEPLOYMENT_TARGET = 12.1;
				MTL_ENABLE_DEBUG_INFO = INCLUDE_SOURCE;
				MTL_FAST_MATH = YES;
				ONLY_ACTIVE_ARCH = YES;
				SDKROOT = iphoneos;
				SWIFT_ACTIVE_COMPILATION_CONDITIONS = DEBUG;
				SWIFT_OPTIMIZATION_LEVEL = "-Onone";
			};
			name = Debug;
		};
		EB9B3C1821D3F96000E29324 /* Release */ = {
			isa = XCBuildConfiguration;
			buildSettings = {
				ALWAYS_SEARCH_USER_PATHS = NO;
				CLANG_ANALYZER_LOCALIZABILITY_NONLOCALIZED = YES;
				CLANG_ANALYZER_NONNULL = YES;
				CLANG_ANALYZER_NUMBER_OBJECT_CONVERSION = YES_AGGRESSIVE;
				CLANG_CXX_LANGUAGE_STANDARD = "gnu++14";
				CLANG_CXX_LIBRARY = "libc++";
				CLANG_ENABLE_MODULES = YES;
				CLANG_ENABLE_OBJC_ARC = YES;
				CLANG_ENABLE_OBJC_WEAK = YES;
				CLANG_WARN_BLOCK_CAPTURE_AUTORELEASING = YES;
				CLANG_WARN_BOOL_CONVERSION = YES;
				CLANG_WARN_COMMA = YES;
				CLANG_WARN_CONSTANT_CONVERSION = YES;
				CLANG_WARN_DEPRECATED_OBJC_IMPLEMENTATIONS = YES;
				CLANG_WARN_DIRECT_OBJC_ISA_USAGE = YES_ERROR;
				CLANG_WARN_DOCUMENTATION_COMMENTS = YES;
				CLANG_WARN_EMPTY_BODY = YES;
				CLANG_WARN_ENUM_CONVERSION = YES;
				CLANG_WARN_INFINITE_RECURSION = YES;
				CLANG_WARN_INT_CONVERSION = YES;
				CLANG_WARN_NON_LITERAL_NULL_CONVERSION = YES;
				CLANG_WARN_OBJC_IMPLICIT_RETAIN_SELF = YES;
				CLANG_WARN_OBJC_LITERAL_CONVERSION = YES;
				CLANG_WARN_OBJC_ROOT_CLASS = YES_ERROR;
				CLANG_WARN_RANGE_LOOP_ANALYSIS = YES;
				CLANG_WARN_STRICT_PROTOTYPES = YES;
				CLANG_WARN_SUSPICIOUS_MOVE = YES;
				CLANG_WARN_UNGUARDED_AVAILABILITY = YES_AGGRESSIVE;
				CLANG_WARN_UNREACHABLE_CODE = YES;
				CLANG_WARN__DUPLICATE_METHOD_MATCH = YES;
				CODE_SIGN_IDENTITY = "iPhone Developer";
				COPY_PHASE_STRIP = NO;
				DEBUG_INFORMATION_FORMAT = "dwarf-with-dsym";
				ENABLE_NS_ASSERTIONS = NO;
				ENABLE_STRICT_OBJC_MSGSEND = YES;
				GCC_C_LANGUAGE_STANDARD = gnu11;
				GCC_NO_COMMON_BLOCKS = YES;
				GCC_WARN_64_TO_32_BIT_CONVERSION = YES;
				GCC_WARN_ABOUT_RETURN_TYPE = YES_ERROR;
				GCC_WARN_UNDECLARED_SELECTOR = YES;
				GCC_WARN_UNINITIALIZED_AUTOS = YES_AGGRESSIVE;
				GCC_WARN_UNUSED_FUNCTION = YES;
				GCC_WARN_UNUSED_VARIABLE = YES;
				IPHONEOS_DEPLOYMENT_TARGET = 12.1;
				MTL_ENABLE_DEBUG_INFO = NO;
				MTL_FAST_MATH = YES;
				SDKROOT = iphoneos;
				SWIFT_COMPILATION_MODE = wholemodule;
				SWIFT_OPTIMIZATION_LEVEL = "-O";
				VALIDATE_PRODUCT = YES;
			};
			name = Release;
		};
		EB9B3C1A21D3F96000E29324 /* Debug */ = {
			isa = XCBuildConfiguration;
			buildSettings = {
				ASSETCATALOG_COMPILER_APPICON_NAME = AppIcon;
				CODE_SIGN_STYLE = Automatic;
				INFOPLIST_FILE = WorldTrotter/Info.plist;
				LD_RUNPATH_SEARCH_PATHS = (
					"$(inherited)",
					"@executable_path/Frameworks",
				);
				PRODUCT_BUNDLE_IDENTIFIER = com.joeulepic.WorldTrotter;
				PRODUCT_NAME = "$(TARGET_NAME)";
				SWIFT_VERSION = 4.2;
				TARGETED_DEVICE_FAMILY = "1,2";
			};
			name = Debug;
		};
		EB9B3C1B21D3F96000E29324 /* Release */ = {
			isa = XCBuildConfiguration;
			buildSettings = {
				ASSETCATALOG_COMPILER_APPICON_NAME = AppIcon;
				CODE_SIGN_STYLE = Automatic;
				INFOPLIST_FILE = WorldTrotter/Info.plist;
				LD_RUNPATH_SEARCH_PATHS = (
					"$(inherited)",
					"@executable_path/Frameworks",
				);
				PRODUCT_BUNDLE_IDENTIFIER = com.joeulepic.WorldTrotter;
				PRODUCT_NAME = "$(TARGET_NAME)";
				SWIFT_VERSION = 4.2;
				TARGETED_DEVICE_FAMILY = "1,2";
			};
			name = Release;
		};
		EB9B3C1D21D3F96000E29324 /* Debug */ = {
			isa = XCBuildConfiguration;
			buildSettings = {
				ALWAYS_EMBED_SWIFT_STANDARD_LIBRARIES = YES;
				BUNDLE_LOADER = "$(TEST_HOST)";
				CODE_SIGN_STYLE = Automatic;
				INFOPLIST_FILE = WorldTrotterTests/Info.plist;
				LD_RUNPATH_SEARCH_PATHS = (
					"$(inherited)",
					"@executable_path/Frameworks",
					"@loader_path/Frameworks",
				);
				PRODUCT_BUNDLE_IDENTIFIER = com.joeulepic.WorldTrotterTests;
				PRODUCT_NAME = "$(TARGET_NAME)";
				SWIFT_VERSION = 4.2;
				TARGETED_DEVICE_FAMILY = "1,2";
				TEST_HOST = "$(BUILT_PRODUCTS_DIR)/WorldTrotter.app/WorldTrotter";
			};
			name = Debug;
		};
		EB9B3C1E21D3F96000E29324 /* Release */ = {
			isa = XCBuildConfiguration;
			buildSettings = {
				ALWAYS_EMBED_SWIFT_STANDARD_LIBRARIES = YES;
				BUNDLE_LOADER = "$(TEST_HOST)";
				CODE_SIGN_STYLE = Automatic;
				INFOPLIST_FILE = WorldTrotterTests/Info.plist;
				LD_RUNPATH_SEARCH_PATHS = (
					"$(inherited)",
					"@executable_path/Frameworks",
					"@loader_path/Frameworks",
				);
				PRODUCT_BUNDLE_IDENTIFIER = com.joeulepic.WorldTrotterTests;
				PRODUCT_NAME = "$(TARGET_NAME)";
				SWIFT_VERSION = 4.2;
				TARGETED_DEVICE_FAMILY = "1,2";
				TEST_HOST = "$(BUILT_PRODUCTS_DIR)/WorldTrotter.app/WorldTrotter";
			};
			name = Release;
		};
		EB9B3C2021D3F96000E29324 /* Debug */ = {
			isa = XCBuildConfiguration;
			buildSettings = {
				ALWAYS_EMBED_SWIFT_STANDARD_LIBRARIES = YES;
				CODE_SIGN_STYLE = Automatic;
				INFOPLIST_FILE = WorldTrotterUITests/Info.plist;
				LD_RUNPATH_SEARCH_PATHS = (
					"$(inherited)",
					"@executable_path/Frameworks",
					"@loader_path/Frameworks",
				);
				PRODUCT_BUNDLE_IDENTIFIER = com.joeulepic.WorldTrotterUITests;
				PRODUCT_NAME = "$(TARGET_NAME)";
				SWIFT_VERSION = 4.2;
				TARGETED_DEVICE_FAMILY = "1,2";
				TEST_TARGET_NAME = WorldTrotter;
			};
			name = Debug;
		};
		EB9B3C2121D3F96000E29324 /* Release */ = {
			isa = XCBuildConfiguration;
			buildSettings = {
				ALWAYS_EMBED_SWIFT_STANDARD_LIBRARIES = YES;
				CODE_SIGN_STYLE = Automatic;
				INFOPLIST_FILE = WorldTrotterUITests/Info.plist;
				LD_RUNPATH_SEARCH_PATHS = (
					"$(inherited)",
					"@executable_path/Frameworks",
					"@loader_path/Frameworks",
				);
				PRODUCT_BUNDLE_IDENTIFIER = com.joeulepic.WorldTrotterUITests;
				PRODUCT_NAME = "$(TARGET_NAME)";
				SWIFT_VERSION = 4.2;
				TARGETED_DEVICE_FAMILY = "1,2";
				TEST_TARGET_NAME = WorldTrotter;
			};
			name = Release;
		};
/* End XCBuildConfiguration section */

/* Begin XCConfigurationList section */
		EB9B3BEC21D3F95E00E29324 /* Build configuration list for PBXProject "WorldTrotter" */ = {
			isa = XCConfigurationList;
			buildConfigurations = (
				EB9B3C1721D3F96000E29324 /* Debug */,
				EB9B3C1821D3F96000E29324 /* Release */,
			);
			defaultConfigurationIsVisible = 0;
			defaultConfigurationName = Release;
		};
		EB9B3C1921D3F96000E29324 /* Build configuration list for PBXNativeTarget "WorldTrotter" */ = {
			isa = XCConfigurationList;
			buildConfigurations = (
				EB9B3C1A21D3F96000E29324 /* Debug */,
				EB9B3C1B21D3F96000E29324 /* Release */,
			);
			defaultConfigurationIsVisible = 0;
			defaultConfigurationName = Release;
		};
		EB9B3C1C21D3F96000E29324 /* Build configuration list for PBXNativeTarget "WorldTrotterTests" */ = {
			isa = XCConfigurationList;
			buildConfigurations = (
				EB9B3C1D21D3F96000E29324 /* Debug */,
				EB9B3C1E21D3F96000E29324 /* Release */,
			);
			defaultConfigurationIsVisible = 0;
			defaultConfigurationName = Release;
		};
		EB9B3C1F21D3F96000E29324 /* Build configuration list for PBXNativeTarget "WorldTrotterUITests" */ = {
			isa = XCConfigurationList;
			buildConfigurations = (
				EB9B3C2021D3F96000E29324 /* Debug */,
				EB9B3C2121D3F96000E29324 /* Release */,
			);
			defaultConfigurationIsVisible = 0;
			defaultConfigurationName = Release;
		};
/* End XCConfigurationList section */
	};
	rootObject = EB9B3BE921D3F95E00E29324 /* Project object */;
}
